
Microsoft Visual Studio Solution File, Format Version 12.00
# Visual Studio Version 16
VisualStudioVersion = 16.0.810.6
MinimumVisualStudioVersion = 10.0.40219.1
Project("{FAE04EC0-301F-11D3-BF4B-00C04F79EFBC}") = "Config_tutorial", "Config_tutorial\Config_tutorial.csproj", "{51205259-2D88-460E-B3FD-1FC71C13E429}"
EndProject
Global
	GlobalSection(SolutionConfigurationPlatforms) = preSolution
		Debug|Any CPU = Debug|Any CPU
		Release|Any CPU = Release|Any CPU
	EndGlobalSection
	GlobalSection(ProjectConfigurationPlatforms) = postSolution
		{51205259-2D88-460E-B3FD-1FC71C13E429}.Debug|Any CPU.ActiveCfg = Debug|Any CPU
		{51205259-2D88-460E-B3FD-1FC71C13E429}.Debug|Any CPU.Build.0 = Debug|Any CPU
		{51205259-2D88-460E-B3FD-1FC71C13E429}.Release|Any CPU.ActiveCfg = Release|Any CPU
		{51205259-2D88-460E-B3FD-1FC71C13E429}.Release|Any CPU.Build.0 = Release|Any CPU
	EndGlobalSection
	GlobalSection(SolutionProperties) = preSolution
		HideSolutionNode = FALSE
	EndGlobalSection
	GlobalSection(ExtensibilityGlobals) = postSolution
		SolutionGuid = {193AA64D-A3C4-40EF-8E9F-C413E119219F}
	EndGlobalSection
EndGlobal
